// !$*UTF8*$!
{
	archiveVersion = 1;
	classes = {
	};
	objectVersion = 50;
	objects = {

/* Begin PBXBuildFile section */
		CF0D316420D66A2B00B130B0 /* AppDelegate.swift in Sources */ = {isa = PBXBuildFile; fileRef = CF0D316320D66A2B00B130B0 /* AppDelegate.swift */; };
		CF0D316620D66A2B00B130B0 /* ViewController.swift in Sources */ = {isa = PBXBuildFile; fileRef = CF0D316520D66A2B00B130B0 /* ViewController.swift */; };
		CF0D316820D66A2C00B130B0 /* Assets.xcassets in Resources */ = {isa = PBXBuildFile; fileRef = CF0D316720D66A2C00B130B0 /* Assets.xcassets */; };
		CF0D316B20D66A2C00B130B0 /* Main.storyboard in Resources */ = {isa = PBXBuildFile; fileRef = CF0D316920D66A2C00B130B0 /* Main.storyboard */; };
		CF0D317720D66A2C00B130B0 /* FaceMouseTests.swift in Sources */ = {isa = PBXBuildFile; fileRef = CF0D317620D66A2C00B130B0 /* FaceMouseTests.swift */; };
		CF0D318220D66A2C00B130B0 /* FaceMouseUITests.swift in Sources */ = {isa = PBXBuildFile; fileRef = CF0D318120D66A2C00B130B0 /* FaceMouseUITests.swift */; };
/* End PBXBuildFile section */

/* Begin PBXContainerItemProxy section */
		CF0D317320D66A2C00B130B0 /* PBXContainerItemProxy */ = {
			isa = PBXContainerItemProxy;
			containerPortal = CF0D315820D66A2B00B130B0 /* Project object */;
			proxyType = 1;
			remoteGlobalIDString = CF0D315F20D66A2B00B130B0;
			remoteInfo = FaceMouse;
		};
		CF0D317E20D66A2C00B130B0 /* PBXContainerItemProxy */ = {
			isa = PBXContainerItemProxy;
			containerPortal = CF0D315820D66A2B00B130B0 /* Project object */;
			proxyType = 1;
			remoteGlobalIDString = CF0D315F20D66A2B00B130B0;
			remoteInfo = FaceMouse;
		};
/* End PBXContainerItemProxy section */

/* Begin PBXFileReference section */
		CF0D316020D66A2B00B130B0 /* FaceMouse.app */ = {isa = PBXFileReference; explicitFileType = wrapper.application; includeInIndex = 0; path = FaceMouse.app; sourceTree = BUILT_PRODUCTS_DIR; };
		CF0D316320D66A2B00B130B0 /* AppDelegate.swift */ = {isa = PBXFileReference; lastKnownFileType = sourcecode.swift; path = AppDelegate.swift; sourceTree = "<group>"; };
		CF0D316520D66A2B00B130B0 /* ViewController.swift */ = {isa = PBXFileReference; lastKnownFileType = sourcecode.swift; path = ViewController.swift; sourceTree = "<group>"; };
		CF0D316720D66A2C00B130B0 /* Assets.xcassets */ = {isa = PBXFileReference; lastKnownFileType = folder.assetcatalog; path = Assets.xcassets; sourceTree = "<group>"; };
		CF0D316A20D66A2C00B130B0 /* Base */ = {isa = PBXFileReference; lastKnownFileType = file.storyboard; name = Base; path = Base.lproj/Main.storyboard; sourceTree = "<group>"; };
		CF0D316C20D66A2C00B130B0 /* Info.plist */ = {isa = PBXFileReference; lastKnownFileType = text.plist.xml; path = Info.plist; sourceTree = "<group>"; };
		CF0D316D20D66A2C00B130B0 /* FaceMouse.entitlements */ = {isa = PBXFileReference; lastKnownFileType = text.plist.entitlements; path = FaceMouse.entitlements; sourceTree = "<group>"; };
		CF0D317220D66A2C00B130B0 /* FaceMouseTests.xctest */ = {isa = PBXFileReference; explicitFileType = wrapper.cfbundle; includeInIndex = 0; path = FaceMouseTests.xctest; sourceTree = BUILT_PRODUCTS_DIR; };
		CF0D317620D66A2C00B130B0 /* FaceMouseTests.swift */ = {isa = PBXFileReference; lastKnownFileType = sourcecode.swift; path = FaceMouseTests.swift; sourceTree = "<group>"; };
		CF0D317820D66A2C00B130B0 /* Info.plist */ = {isa = PBXFileReference; lastKnownFileType = text.plist.xml; path = Info.plist; sourceTree = "<group>"; };
		CF0D317D20D66A2C00B130B0 /* FaceMouseUITests.xctest */ = {isa = PBXFileReference; explicitFileType = wrapper.cfbundle; includeInIndex = 0; path = FaceMouseUITests.xctest; sourceTree = BUILT_PRODUCTS_DIR; };
		CF0D318120D66A2C00B130B0 /* FaceMouseUITests.swift */ = {isa = PBXFileReference; lastKnownFileType = sourcecode.swift; path = FaceMouseUITests.swift; sourceTree = "<group>"; };
		CF0D318320D66A2C00B130B0 /* Info.plist */ = {isa = PBXFileReference; lastKnownFileType = text.plist.xml; path = Info.plist; sourceTree = "<group>"; };
/* End PBXFileReference section */

/* Begin PBXFrameworksBuildPhase section */
		CF0D315D20D66A2B00B130B0 /* Frameworks */ = {
			isa = PBXFrameworksBuildPhase;
			buildActionMask = 2147483647;
			files = (
			);
			runOnlyForDeploymentPostprocessing = 0;
		};
		CF0D316F20D66A2C00B130B0 /* Frameworks */ = {
			isa = PBXFrameworksBuildPhase;
			buildActionMask = 2147483647;
			files = (
			);
			runOnlyForDeploymentPostprocessing = 0;
		};
		CF0D317A20D66A2C00B130B0 /* Frameworks */ = {
			isa = PBXFrameworksBuildPhase;
			buildActionMask = 2147483647;
			files = (
			);
			runOnlyForDeploymentPostprocessing = 0;
		};
/* End PBXFrameworksBuildPhase section */

/* Begin PBXGroup section */
		CF0D315720D66A2B00B130B0 = {
			isa = PBXGroup;
			children = (
				CF0D316220D66A2B00B130B0 /* FaceMouse */,
				CF0D317520D66A2C00B130B0 /* FaceMouseTests */,
				CF0D318020D66A2C00B130B0 /* FaceMouseUITests */,
				CF0D316120D66A2B00B130B0 /* Products */,
			);
			sourceTree = "<group>";
		};
		CF0D316120D66A2B00B130B0 /* Products */ = {
			isa = PBXGroup;
			children = (
				CF0D316020D66A2B00B130B0 /* FaceMouse.app */,
				CF0D317220D66A2C00B130B0 /* FaceMouseTests.xctest */,
				CF0D317D20D66A2C00B130B0 /* FaceMouseUITests.xctest */,
			);
			name = Products;
			sourceTree = "<group>";
		};
		CF0D316220D66A2B00B130B0 /* FaceMouse */ = {
			isa = PBXGroup;
			children = (
				CF0D316320D66A2B00B130B0 /* AppDelegate.swift */,
				CF0D316520D66A2B00B130B0 /* ViewController.swift */,
				CF0D316720D66A2C00B130B0 /* Assets.xcassets */,
				CF0D316920D66A2C00B130B0 /* Main.storyboard */,
				CF0D316C20D66A2C00B130B0 /* Info.plist */,
				CF0D316D20D66A2C00B130B0 /* FaceMouse.entitlements */,
			);
			path = FaceMouse;
			sourceTree = "<group>";
		};
		CF0D317520D66A2C00B130B0 /* FaceMouseTests */ = {
			isa = PBXGroup;
			children = (
				CF0D317620D66A2C00B130B0 /* FaceMouseTests.swift */,
				CF0D317820D66A2C00B130B0 /* Info.plist */,
			);
			path = FaceMouseTests;
			sourceTree = "<group>";
		};
		CF0D318020D66A2C00B130B0 /* FaceMouseUITests */ = {
			isa = PBXGroup;
			children = (
				CF0D318120D66A2C00B130B0 /* FaceMouseUITests.swift */,
				CF0D318320D66A2C00B130B0 /* Info.plist */,
			);
			path = FaceMouseUITests;
			sourceTree = "<group>";
		};
/* End PBXGroup section */

/* Begin PBXNativeTarget section */
		CF0D315F20D66A2B00B130B0 /* FaceMouse */ = {
			isa = PBXNativeTarget;
			buildConfigurationList = CF0D318620D66A2C00B130B0 /* Build configuration list for PBXNativeTarget "FaceMouse" */;
			buildPhases = (
				CF0D315C20D66A2B00B130B0 /* Sources */,
				CF0D315D20D66A2B00B130B0 /* Frameworks */,
				CF0D315E20D66A2B00B130B0 /* Resources */,
			);
			buildRules = (
			);
			dependencies = (
			);
			name = FaceMouse;
			productName = FaceMouse;
			productReference = CF0D316020D66A2B00B130B0 /* FaceMouse.app */;
			productType = "com.apple.product-type.application";
		};
		CF0D317120D66A2C00B130B0 /* FaceMouseTests */ = {
			isa = PBXNativeTarget;
			buildConfigurationList = CF0D318920D66A2C00B130B0 /* Build configuration list for PBXNativeTarget "FaceMouseTests" */;
			buildPhases = (
				CF0D316E20D66A2C00B130B0 /* Sources */,
				CF0D316F20D66A2C00B130B0 /* Frameworks */,
				CF0D317020D66A2C00B130B0 /* Resources */,
			);
			buildRules = (
			);
			dependencies = (
				CF0D317420D66A2C00B130B0 /* PBXTargetDependency */,
			);
			name = FaceMouseTests;
			productName = FaceMouseTests;
			productReference = CF0D317220D66A2C00B130B0 /* FaceMouseTests.xctest */;
			productType = "com.apple.product-type.bundle.unit-test";
		};
		CF0D317C20D66A2C00B130B0 /* FaceMouseUITests */ = {
			isa = PBXNativeTarget;
			buildConfigurationList = CF0D318C20D66A2C00B130B0 /* Build configuration list for PBXNativeTarget "FaceMouseUITests" */;
			buildPhases = (
				CF0D317920D66A2C00B130B0 /* Sources */,
				CF0D317A20D66A2C00B130B0 /* Frameworks */,
				CF0D317B20D66A2C00B130B0 /* Resources */,
			);
			buildRules = (
			);
			dependencies = (
				CF0D317F20D66A2C00B130B0 /* PBXTargetDependency */,
			);
			name = FaceMouseUITests;
			productName = FaceMouseUITests;
			productReference = CF0D317D20D66A2C00B130B0 /* FaceMouseUITests.xctest */;
			productType = "com.apple.product-type.bundle.ui-testing";
		};
/* End PBXNativeTarget section */

/* Begin PBXProject section */
		CF0D315820D66A2B00B130B0 /* Project object */ = {
			isa = PBXProject;
			attributes = {
				LastSwiftUpdateCheck = 0940;
				LastUpgradeCheck = 0940;
				ORGANIZATIONNAME = "Ferdinand Lösch";
				TargetAttributes = {
					CF0D315F20D66A2B00B130B0 = {
						CreatedOnToolsVersion = 9.4;
					};
					CF0D317120D66A2C00B130B0 = {
						CreatedOnToolsVersion = 9.4;
						TestTargetID = CF0D315F20D66A2B00B130B0;
					};
					CF0D317C20D66A2C00B130B0 = {
						CreatedOnToolsVersion = 9.4;
						TestTargetID = CF0D315F20D66A2B00B130B0;
					};
				};
			};
			buildConfigurationList = CF0D315B20D66A2B00B130B0 /* Build configuration list for PBXProject "FaceMouse" */;
			compatibilityVersion = "Xcode 9.3";
			developmentRegion = en;
			hasScannedForEncodings = 0;
			knownRegions = (
				en,
				Base,
			);
			mainGroup = CF0D315720D66A2B00B130B0;
			productRefGroup = CF0D316120D66A2B00B130B0 /* Products */;
			projectDirPath = "";
			projectRoot = "";
			targets = (
				CF0D315F20D66A2B00B130B0 /* FaceMouse */,
				CF0D317120D66A2C00B130B0 /* FaceMouseTests */,
				CF0D317C20D66A2C00B130B0 /* FaceMouseUITests */,
			);
		};
/* End PBXProject section */

/* Begin PBXResourcesBuildPhase section */
		CF0D315E20D66A2B00B130B0 /* Resources */ = {
			isa = PBXResourcesBuildPhase;
			buildActionMask = 2147483647;
			files = (
				CF0D316820D66A2C00B130B0 /* Assets.xcassets in Resources */,
				CF0D316B20D66A2C00B130B0 /* Main.storyboard in Resources */,
			);
			runOnlyForDeploymentPostprocessing = 0;
		};
		CF0D317020D66A2C00B130B0 /* Resources */ = {
			isa = PBXResourcesBuildPhase;
			buildActionMask = 2147483647;
			files = (
			);
			runOnlyForDeploymentPostprocessing = 0;
		};
		CF0D317B20D66A2C00B130B0 /* Resources */ = {
			isa = PBXResourcesBuildPhase;
			buildActionMask = 2147483647;
			files = (
			);
			runOnlyForDeploymentPostprocessing = 0;
		};
/* End PBXResourcesBuildPhase section */

/* Begin PBXSourcesBuildPhase section */
		CF0D315C20D66A2B00B130B0 /* Sources */ = {
			isa = PBXSourcesBuildPhase;
			buildActionMask = 2147483647;
			files = (
				CF0D316620D66A2B00B130B0 /* ViewController.swift in Sources */,
				CF0D316420D66A2B00B130B0 /* AppDelegate.swift in Sources */,
			);
			runOnlyForDeploymentPostprocessing = 0;
		};
		CF0D316E20D66A2C00B130B0 /* Sources */ = {
			isa = PBXSourcesBuildPhase;
			buildActionMask = 2147483647;
			files = (
				CF0D317720D66A2C00B130B0 /* FaceMouseTests.swift in Sources */,
			);
			runOnlyForDeploymentPostprocessing = 0;
		};
		CF0D317920D66A2C00B130B0 /* Sources */ = {
			isa = PBXSourcesBuildPhase;
			buildActionMask = 2147483647;
			files = (
				CF0D318220D66A2C00B130B0 /* FaceMouseUITests.swift in Sources */,
			);
			runOnlyForDeploymentPostprocessing = 0;
		};
/* End PBXSourcesBuildPhase section */

/* Begin PBXTargetDependency section */
		CF0D317420D66A2C00B130B0 /* PBXTargetDependency */ = {
			isa = PBXTargetDependency;
			target = CF0D315F20D66A2B00B130B0 /* FaceMouse */;
			targetProxy = CF0D317320D66A2C00B130B0 /* PBXContainerItemProxy */;
		};
		CF0D317F20D66A2C00B130B0 /* PBXTargetDependency */ = {
			isa = PBXTargetDependency;
			target = CF0D315F20D66A2B00B130B0 /* FaceMouse */;
			targetProxy = CF0D317E20D66A2C00B130B0 /* PBXContainerItemProxy */;
		};
/* End PBXTargetDependency section */

/* Begin PBXVariantGroup section */
		CF0D316920D66A2C00B130B0 /* Main.storyboard */ = {
			isa = PBXVariantGroup;
			children = (
				CF0D316A20D66A2C00B130B0 /* Base */,
			);
			name = Main.storyboard;
			sourceTree = "<group>";
		};
/* End PBXVariantGroup section */

/* Begin XCBuildConfiguration section */
		CF0D318420D66A2C00B130B0 /* Debug */ = {
			isa = XCBuildConfiguration;
			buildSettings = {
				ALWAYS_SEARCH_USER_PATHS = NO;
				CLANG_ANALYZER_NONNULL = YES;
				CLANG_ANALYZER_NUMBER_OBJECT_CONVERSION = YES_AGGRESSIVE;
				CLANG_CXX_LANGUAGE_STANDARD = "gnu++14";
				CLANG_CXX_LIBRARY = "libc++";
				CLANG_ENABLE_MODULES = YES;
				CLANG_ENABLE_OBJC_ARC = YES;
				CLANG_ENABLE_OBJC_WEAK = YES;
				CLANG_WARN_BLOCK_CAPTURE_AUTORELEASING = YES;
				CLANG_WARN_BOOL_CONVERSION = YES;
				CLANG_WARN_COMMA = YES;
				CLANG_WARN_CONSTANT_CONVERSION = YES;
				CLANG_WARN_DEPRECATED_OBJC_IMPLEMENTATIONS = YES;
				CLANG_WARN_DIRECT_OBJC_ISA_USAGE = YES_ERROR;
				CLANG_WARN_DOCUMENTATION_COMMENTS = YES;
				CLANG_WARN_EMPTY_BODY = YES;
				CLANG_WARN_ENUM_CONVERSION = YES;
				CLANG_WARN_INFINITE_RECURSION = YES;
				CLANG_WARN_INT_CONVERSION = YES;
				CLANG_WARN_NON_LITERAL_NULL_CONVERSION = YES;
				CLANG_WARN_OBJC_IMPLICIT_RETAIN_SELF = YES;
				CLANG_WARN_OBJC_LITERAL_CONVERSION = YES;
				CLANG_WARN_OBJC_ROOT_CLASS = YES_ERROR;
				CLANG_WARN_RANGE_LOOP_ANALYSIS = YES;
				CLANG_WARN_STRICT_PROTOTYPES = YES;
				CLANG_WARN_SUSPICIOUS_MOVE = YES;
				CLANG_WARN_UNGUARDED_AVAILABILITY = YES_AGGRESSIVE;
				CLANG_WARN_UNREACHABLE_CODE = YES;
				CLANG_WARN__DUPLICATE_METHOD_MATCH = YES;
				CODE_SIGN_IDENTITY = "Mac Developer";
				COPY_PHASE_STRIP = NO;
				DEBUG_INFORMATION_FORMAT = dwarf;
				ENABLE_STRICT_OBJC_MSGSEND = YES;
				ENABLE_TESTABILITY = YES;
				GCC_C_LANGUAGE_STANDARD = gnu11;
				GCC_DYNAMIC_NO_PIC = NO;
				GCC_NO_COMMON_BLOCKS = YES;
				GCC_OPTIMIZATION_LEVEL = 0;
				GCC_PREPROCESSOR_DEFINITIONS = (
					"DEBUG=1",
					"$(inherited)",
				);
				GCC_WARN_64_TO_32_BIT_CONVERSION = YES;
				GCC_WARN_ABOUT_RETURN_TYPE = YES_ERROR;
				GCC_WARN_UNDECLARED_SELECTOR = YES;
				GCC_WARN_UNINITIALIZED_AUTOS = YES_AGGRESSIVE;
				GCC_WARN_UNUSED_FUNCTION = YES;
				GCC_WARN_UNUSED_VARIABLE = YES;
				MACOSX_DEPLOYMENT_TARGET = 10.13;
				MTL_ENABLE_DEBUG_INFO = YES;
				ONLY_ACTIVE_ARCH = YES;
				SDKROOT = macosx;
				SWIFT_ACTIVE_COMPILATION_CONDITIONS = DEBUG;
				SWIFT_OPTIMIZATION_LEVEL = "-Onone";
			};
			name = Debug;
		};
		CF0D318520D66A2C00B130B0 /* Release */ = {
			isa = XCBuildConfiguration;
			buildSettings = {
				ALWAYS_SEARCH_USER_PATHS = NO;
				CLANG_ANALYZER_NONNULL = YES;
				CLANG_ANALYZER_NUMBER_OBJECT_CONVERSION = YES_AGGRESSIVE;
				CLANG_CXX_LANGUAGE_STANDARD = "gnu++14";
				CLANG_CXX_LIBRARY = "libc++";
				CLANG_ENABLE_MODULES = YES;
				CLANG_ENABLE_OBJC_ARC = YES;
				CLANG_ENABLE_OBJC_WEAK = YES;
				CLANG_WARN_BLOCK_CAPTURE_AUTORELEASING = YES;
				CLANG_WARN_BOOL_CONVERSION = YES;
				CLANG_WARN_COMMA = YES;
				CLANG_WARN_CONSTANT_CONVERSION = YES;
				CLANG_WARN_DEPRECATED_OBJC_IMPLEMENTATIONS = YES;
				CLANG_WARN_DIRECT_OBJC_ISA_USAGE = YES_ERROR;
				CLANG_WARN_DOCUMENTATION_COMMENTS = YES;
				CLANG_WARN_EMPTY_BODY = YES;
				CLANG_WARN_ENUM_CONVERSION = YES;
				CLANG_WARN_INFINITE_RECURSION = YES;
				CLANG_WARN_INT_CONVERSION = YES;
				CLANG_WARN_NON_LITERAL_NULL_CONVERSION = YES;
				CLANG_WARN_OBJC_IMPLICIT_RETAIN_SELF = YES;
				CLANG_WARN_OBJC_LITERAL_CONVERSION = YES;
				CLANG_WARN_OBJC_ROOT_CLASS = YES_ERROR;
				CLANG_WARN_RANGE_LOOP_ANALYSIS = YES;
				CLANG_WARN_STRICT_PROTOTYPES = YES;
				CLANG_WARN_SUSPICIOUS_MOVE = YES;
				CLANG_WARN_UNGUARDED_AVAILABILITY = YES_AGGRESSIVE;
				CLANG_WARN_UNREACHABLE_CODE = YES;
				CLANG_WARN__DUPLICATE_METHOD_MATCH = YES;
				CODE_SIGN_IDENTITY = "Mac Developer";
				COPY_PHASE_STRIP = NO;
				DEBUG_INFORMATION_FORMAT = "dwarf-with-dsym";
				ENABLE_NS_ASSERTIONS = NO;
				ENABLE_STRICT_OBJC_MSGSEND = YES;
				GCC_C_LANGUAGE_STANDARD = gnu11;
				GCC_NO_COMMON_BLOCKS = YES;
				GCC_WARN_64_TO_32_BIT_CONVERSION = YES;
				GCC_WARN_ABOUT_RETURN_TYPE = YES_ERROR;
				GCC_WARN_UNDECLARED_SELECTOR = YES;
				GCC_WARN_UNINITIALIZED_AUTOS = YES_AGGRESSIVE;
				GCC_WARN_UNUSED_FUNCTION = YES;
				GCC_WARN_UNUSED_VARIABLE = YES;
				MACOSX_DEPLOYMENT_TARGET = 10.13;
				MTL_ENABLE_DEBUG_INFO = NO;
				SDKROOT = macosx;
				SWIFT_COMPILATION_MODE = wholemodule;
				SWIFT_OPTIMIZATION_LEVEL = "-O";
			};
			name = Release;
		};
		CF0D318720D66A2C00B130B0 /* Debug */ = {
			isa = XCBuildConfiguration;
			buildSettings = {
				ASSETCATALOG_COMPILER_APPICON_NAME = AppIcon;
				CODE_SIGN_ENTITLEMENTS = FaceMouse/FaceMouse.entitlements;
				CODE_SIGN_STYLE = Automatic;
				COMBINE_HIDPI_IMAGES = YES;
				DEVELOPMENT_TEAM = 8M8S4HQM6M;
				INFOPLIST_FILE = FaceMouse/Info.plist;
				LD_RUNPATH_SEARCH_PATHS = (
					"$(inherited)",
					"@executable_path/../Frameworks",
				);
				PRODUCT_BUNDLE_IDENTIFIER = com.ferdinand.FaceMouse;
				PRODUCT_NAME = "$(TARGET_NAME)";
				SWIFT_VERSION = 4.0;
			};
			name = Debug;
		};
		CF0D318820D66A2C00B130B0 /* Release */ = {
			isa = XCBuildConfiguration;
			buildSettings = {
				ASSETCATALOG_COMPILER_APPICON_NAME = AppIcon;
				CODE_SIGN_ENTITLEMENTS = FaceMouse/FaceMouse.entitlements;
				CODE_SIGN_STYLE = Automatic;
				COMBINE_HIDPI_IMAGES = YES;
				DEVELOPMENT_TEAM = 8M8S4HQM6M;
				INFOPLIST_FILE = FaceMouse/Info.plist;
				LD_RUNPATH_SEARCH_PATHS = (
					"$(inherited)",
					"@executable_path/../Frameworks",
				);
				PRODUCT_BUNDLE_IDENTIFIER = com.ferdinand.FaceMouse;
				PRODUCT_NAME = "$(TARGET_NAME)";
				SWIFT_VERSION = 4.0;
			};
			name = Release;
		};
		CF0D318A20D66A2C00B130B0 /* Debug */ = {
			isa = XCBuildConfiguration;
			buildSettings = {
				ALWAYS_EMBED_SWIFT_STANDARD_LIBRARIES = YES;
				BUNDLE_LOADER = "$(TEST_HOST)";
				CODE_SIGN_STYLE = Automatic;
				COMBINE_HIDPI_IMAGES = YES;
				DEVELOPMENT_TEAM = 8M8S4HQM6M;
				INFOPLIST_FILE = FaceMouseTests/Info.plist;
				LD_RUNPATH_SEARCH_PATHS = (
					"$(inherited)",
					"@executable_path/../Frameworks",
					"@loader_path/../Frameworks",
				);
				PRODUCT_BUNDLE_IDENTIFIER = com.ferdinand.FaceMouseTests;
				PRODUCT_NAME = "$(TARGET_NAME)";
				SWIFT_VERSION = 4.0;
				TEST_HOST = "$(BUILT_PRODUCTS_DIR)/FaceMouse.app/Contents/MacOS/FaceMouse";
			};
			name = Debug;
		};
		CF0D318B20D66A2C00B130B0 /* Release */ = {
			isa = XCBuildConfiguration;
			buildSettings = {
				ALWAYS_EMBED_SWIFT_STANDARD_LIBRARIES = YES;
				BUNDLE_LOADER = "$(TEST_HOST)";
				CODE_SIGN_STYLE = Automatic;
				COMBINE_HIDPI_IMAGES = YES;
				DEVELOPMENT_TEAM = 8M8S4HQM6M;
				INFOPLIST_FILE = FaceMouseTests/Info.plist;
				LD_RUNPATH_SEARCH_PATHS = (
					"$(inherited)",
					"@executable_path/../Frameworks",
					"@loader_path/../Frameworks",
				);
				PRODUCT_BUNDLE_IDENTIFIER = com.ferdinand.FaceMouseTests;
				PRODUCT_NAME = "$(TARGET_NAME)";
				SWIFT_VERSION = 4.0;
				TEST_HOST = "$(BUILT_PRODUCTS_DIR)/FaceMouse.app/Contents/MacOS/FaceMouse";
			};
			name = Release;
		};
		CF0D318D20D66A2C00B130B0 /* Debug */ = {
			isa = XCBuildConfiguration;
			buildSettings = {
				ALWAYS_EMBED_SWIFT_STANDARD_LIBRARIES = YES;
				CODE_SIGN_STYLE = Automatic;
				COMBINE_HIDPI_IMAGES = YES;
				DEVELOPMENT_TEAM = 8M8S4HQM6M;
				INFOPLIST_FILE = FaceMouseUITests/Info.plist;
				LD_RUNPATH_SEARCH_PATHS = (
					"$(inherited)",
					"@executable_path/../Frameworks",
					"@loader_path/../Frameworks",
				);
				PRODUCT_BUNDLE_IDENTIFIER = com.ferdinand.FaceMouseUITests;
				PRODUCT_NAME = "$(TARGET_NAME)";
				SWIFT_VERSION = 4.0;
				TEST_TARGET_NAME = FaceMouse;
			};
			name = Debug;
		};
		CF0D318E20D66A2C00B130B0 /* Release */ = {
			isa = XCBuildConfiguration;
			buildSettings = {
				ALWAYS_EMBED_SWIFT_STANDARD_LIBRARIES = YES;
				CODE_SIGN_STYLE = Automatic;
				COMBINE_HIDPI_IMAGES = YES;
				DEVELOPMENT_TEAM = 8M8S4HQM6M;
				INFOPLIST_FILE = FaceMouseUITests/Info.plist;
				LD_RUNPATH_SEARCH_PATHS = (
					"$(inherited)",
					"@executable_path/../Frameworks",
					"@loader_path/../Frameworks",
				);
				PRODUCT_BUNDLE_IDENTIFIER = com.ferdinand.FaceMouseUITests;
				PRODUCT_NAME = "$(TARGET_NAME)";
				SWIFT_VERSION = 4.0;
				TEST_TARGET_NAME = FaceMouse;
			};
			name = Release;
		};
/* End XCBuildConfiguration section */

/* Begin XCConfigurationList section */
		CF0D315B20D66A2B00B130B0 /* Build configuration list for PBXProject "FaceMouse" */ = {
			isa = XCConfigurationList;
			buildConfigurations = (
				CF0D318420D66A2C00B130B0 /* Debug */,
				CF0D318520D66A2C00B130B0 /* Release */,
			);
			defaultConfigurationIsVisible = 0;
			defaultConfigurationName = Release;
		};
		CF0D318620D66A2C00B130B0 /* Build configuration list for PBXNativeTarget "FaceMouse" */ = {
			isa = XCConfigurationList;
			buildConfigurations = (
				CF0D318720D66A2C00B130B0 /* Debug */,
				CF0D318820D66A2C00B130B0 /* Release */,
			);
			defaultConfigurationIsVisible = 0;
			defaultConfigurationName = Release;
		};
		CF0D318920D66A2C00B130B0 /* Build configuration list for PBXNativeTarget "FaceMouseTests" */ = {
			isa = XCConfigurationList;
			buildConfigurations = (
				CF0D318A20D66A2C00B130B0 /* Debug */,
				CF0D318B20D66A2C00B130B0 /* Release */,
			);
			defaultConfigurationIsVisible = 0;
			defaultConfigurationName = Release;
		};
		CF0D318C20D66A2C00B130B0 /* Build configuration list for PBXNativeTarget "FaceMouseUITests" */ = {
			isa = XCConfigurationList;
			buildConfigurations = (
				CF0D318D20D66A2C00B130B0 /* Debug */,
				CF0D318E20D66A2C00B130B0 /* Release */,
			);
			defaultConfigurationIsVisible = 0;
			defaultConfigurationName = Release;
		};
/* End XCConfigurationList section */
	};
	rootObject = CF0D315820D66A2B00B130B0 /* Project object */;
}
